
Microsoft Visual Studio Solution File, Format Version 12.00
# Visual Studio Version 17
VisualStudioVersion = 17.0.32112.339
MinimumVisualStudioVersion = 10.0.40219.1
Project("{FAE04EC0-301F-11D3-BF4B-00C04F79EFBC}") = "GolfScore.API", "GolfScore.API\GolfScore.API.csproj", "{B181C39A-9EE8-4731-A94E-A25FBC7E6232}"
EndProject
Project("{FAE04EC0-301F-11D3-BF4B-00C04F79EFBC}") = "GolfScore.Models", "GolfScore.Models\GolfScore.Models.csproj", "{3784EC26-F8CF-402A-9CBE-FE1F76E32A14}"
EndProject
Project("{FAE04EC0-301F-11D3-BF4B-00C04F79EFBC}") = "GolfScore.Tests", "GolfScore.Tests\GolfScore.Tests.csproj", "{4530B37E-D1E3-4DBC-BDF3-4A1282E0F695}"
EndProject
Project("{FAE04EC0-301F-11D3-BF4B-00C04F79EFBC}") = "GolfScore.Services", "GolfScore.Services\GolfScore.Services.csproj", "{3CE72ADF-989F-4C3B-849A-4DB80E7EB932}"
EndProject
Project("{FAE04EC0-301F-11D3-BF4B-00C04F79EFBC}") = "GolfScore.Repositories", "GolfScore.Repositories\GolfScore.Repositories.csproj", "{FD3E8053-684D-407C-B880-C05257BA88F1}"
EndProject
Project("{FAE04EC0-301F-11D3-BF4B-00C04F79EFBC}") = "GolfScore.Exceptions", "GolfScore.Exceptions\GolfScore.Exceptions.csproj", "{C8D95001-FE18-4396-B845-4569B114976C}"
EndProject
Global
	GlobalSection(SolutionConfigurationPlatforms) = preSolution
		Debug|Any CPU = Debug|Any CPU
		Release|Any CPU = Release|Any CPU
	EndGlobalSection
	GlobalSection(ProjectConfigurationPlatforms) = postSolution
		{B181C39A-9EE8-4731-A94E-A25FBC7E6232}.Debug|Any CPU.ActiveCfg = Debug|Any CPU
		{B181C39A-9EE8-4731-A94E-A25FBC7E6232}.Debug|Any CPU.Build.0 = Debug|Any CPU
		{B181C39A-9EE8-4731-A94E-A25FBC7E6232}.Release|Any CPU.ActiveCfg = Release|Any CPU
		{B181C39A-9EE8-4731-A94E-A25FBC7E6232}.Release|Any CPU.Build.0 = Release|Any CPU
		{3784EC26-F8CF-402A-9CBE-FE1F76E32A14}.Debug|Any CPU.ActiveCfg = Debug|Any CPU
		{3784EC26-F8CF-402A-9CBE-FE1F76E32A14}.Debug|Any CPU.Build.0 = Debug|Any CPU
		{3784EC26-F8CF-402A-9CBE-FE1F76E32A14}.Release|Any CPU.ActiveCfg = Release|Any CPU
		{3784EC26-F8CF-402A-9CBE-FE1F76E32A14}.Release|Any CPU.Build.0 = Release|Any CPU
		{4530B37E-D1E3-4DBC-BDF3-4A1282E0F695}.Debug|Any CPU.ActiveCfg = Debug|Any CPU
		{4530B37E-D1E3-4DBC-BDF3-4A1282E0F695}.Debug|Any CPU.Build.0 = Debug|Any CPU
		{4530B37E-D1E3-4DBC-BDF3-4A1282E0F695}.Release|Any CPU.ActiveCfg = Release|Any CPU
		{4530B37E-D1E3-4DBC-BDF3-4A1282E0F695}.Release|Any CPU.Build.0 = Release|Any CPU
		{3CE72ADF-989F-4C3B-849A-4DB80E7EB932}.Debug|Any CPU.ActiveCfg = Debug|Any CPU
		{3CE72ADF-989F-4C3B-849A-4DB80E7EB932}.Debug|Any CPU.Build.0 = Debug|Any CPU
		{3CE72ADF-989F-4C3B-849A-4DB80E7EB932}.Release|Any CPU.ActiveCfg = Release|Any CPU
		{3CE72ADF-989F-4C3B-849A-4DB80E7EB932}.Release|Any CPU.Build.0 = Release|Any CPU
		{FD3E8053-684D-407C-B880-C05257BA88F1}.Debug|Any CPU.ActiveCfg = Debug|Any CPU
		{FD3E8053-684D-407C-B880-C05257BA88F1}.Debug|Any CPU.Build.0 = Debug|Any CPU
		{FD3E8053-684D-407C-B880-C05257BA88F1}.Release|Any CPU.ActiveCfg = Release|Any CPU
		{FD3E8053-684D-407C-B880-C05257BA88F1}.Release|Any CPU.Build.0 = Release|Any CPU
		{C8D95001-FE18-4396-B845-4569B114976C}.Debug|Any CPU.ActiveCfg = Debug|Any CPU
		{C8D95001-FE18-4396-B845-4569B114976C}.Debug|Any CPU.Build.0 = Debug|Any CPU
		{C8D95001-FE18-4396-B845-4569B114976C}.Release|Any CPU.ActiveCfg = Release|Any CPU
		{C8D95001-FE18-4396-B845-4569B114976C}.Release|Any CPU.Build.0 = Release|Any CPU
	EndGlobalSection
	GlobalSection(SolutionProperties) = preSolution
		HideSolutionNode = FALSE
	EndGlobalSection
	GlobalSection(ExtensibilityGlobals) = postSolution
		SolutionGuid = {14B24902-FB55-40F5-80F8-569485E080AB}
	EndGlobalSection
EndGlobal
